// !$*UTF8*$!
{
	archiveVersion = 1;
	classes = {
	};
	objectVersion = 55;
	objects = {

/* Begin PBXBuildFile section */
		F8166A35279F237600E65313 /* AppDelegate.swift in Sources */ = {isa = PBXBuildFile; fileRef = F8166A34279F237600E65313 /* AppDelegate.swift */; };
		F8166A37279F237600E65313 /* SceneDelegate.swift in Sources */ = {isa = PBXBuildFile; fileRef = F8166A36279F237600E65313 /* SceneDelegate.swift */; };
		F8166A39279F237600E65313 /* ViewController.swift in Sources */ = {isa = PBXBuildFile; fileRef = F8166A38279F237600E65313 /* ViewController.swift */; };
		F8166A3C279F237600E65313 /* Main.storyboard in Resources */ = {isa = PBXBuildFile; fileRef = F8166A3A279F237600E65313 /* Main.storyboard */; };
		F8166A3E279F237800E65313 /* Assets.xcassets in Resources */ = {isa = PBXBuildFile; fileRef = F8166A3D279F237800E65313 /* Assets.xcassets */; };
		F8166A41279F237800E65313 /* LaunchScreen.storyboard in Resources */ = {isa = PBXBuildFile; fileRef = F8166A3F279F237800E65313 /* LaunchScreen.storyboard */; };
		F8166A49279F2B1200E65313 /* MoonVideo.mp4 in Resources */ = {isa = PBXBuildFile; fileRef = F8166A48279F2B1200E65313 /* MoonVideo.mp4 */; };
		F8166A4B279F764700E65313 /* SecondVC.swift in Sources */ = {isa = PBXBuildFile; fileRef = F8166A4A279F764600E65313 /* SecondVC.swift */; };
		F8166A5027A003A900E65313 /* ThirdVC.swift in Sources */ = {isa = PBXBuildFile; fileRef = F8166A4F27A003A900E65313 /* ThirdVC.swift */; };
/* End PBXBuildFile section */

/* Begin PBXFileReference section */
		F8166A31279F237600E65313 /* HM10-11.Alarm.app */ = {isa = PBXFileReference; explicitFileType = wrapper.application; includeInIndex = 0; path = "HM10-11.Alarm.app"; sourceTree = BUILT_PRODUCTS_DIR; };
		F8166A34279F237600E65313 /* AppDelegate.swift */ = {isa = PBXFileReference; lastKnownFileType = sourcecode.swift; path = AppDelegate.swift; sourceTree = "<group>"; };
		F8166A36279F237600E65313 /* SceneDelegate.swift */ = {isa = PBXFileReference; lastKnownFileType = sourcecode.swift; path = SceneDelegate.swift; sourceTree = "<group>"; };
		F8166A38279F237600E65313 /* ViewController.swift */ = {isa = PBXFileReference; lastKnownFileType = sourcecode.swift; path = ViewController.swift; sourceTree = "<group>"; };
		F8166A3B279F237600E65313 /* Base */ = {isa = PBXFileReference; lastKnownFileType = file.storyboard; name = Base; path = Base.lproj/Main.storyboard; sourceTree = "<group>"; };
		F8166A3D279F237800E65313 /* Assets.xcassets */ = {isa = PBXFileReference; lastKnownFileType = folder.assetcatalog; path = Assets.xcassets; sourceTree = "<group>"; };
		F8166A40279F237800E65313 /* Base */ = {isa = PBXFileReference; lastKnownFileType = file.storyboard; name = Base; path = Base.lproj/LaunchScreen.storyboard; sourceTree = "<group>"; };
		F8166A42279F237800E65313 /* Info.plist */ = {isa = PBXFileReference; lastKnownFileType = text.plist.xml; path = Info.plist; sourceTree = "<group>"; };
		F8166A48279F2B1200E65313 /* MoonVideo.mp4 */ = {isa = PBXFileReference; lastKnownFileType = file; path = MoonVideo.mp4; sourceTree = "<group>"; };
		F8166A4A279F764600E65313 /* SecondVC.swift */ = {isa = PBXFileReference; lastKnownFileType = sourcecode.swift; path = SecondVC.swift; sourceTree = "<group>"; };
		F8166A4F27A003A900E65313 /* ThirdVC.swift */ = {isa = PBXFileReference; lastKnownFileType = sourcecode.swift; path = ThirdVC.swift; sourceTree = "<group>"; };
/* End PBXFileReference section */

/* Begin PBXFrameworksBuildPhase section */
		F8166A2E279F237600E65313 /* Frameworks */ = {
			isa = PBXFrameworksBuildPhase;
			buildActionMask = 2147483647;
			files = (
			);
			runOnlyForDeploymentPostprocessing = 0;
		};
/* End PBXFrameworksBuildPhase section */

/* Begin PBXGroup section */
		F8166A28279F237600E65313 = {
			isa = PBXGroup;
			children = (
				F8166A33279F237600E65313 /* HM10-11.Alarm */,
				F8166A32279F237600E65313 /* Products */,
			);
			sourceTree = "<group>";
		};
		F8166A32279F237600E65313 /* Products */ = {
			isa = PBXGroup;
			children = (
				F8166A31279F237600E65313 /* HM10-11.Alarm.app */,
			);
			name = Products;
			sourceTree = "<group>";
		};
		F8166A33279F237600E65313 /* HM10-11.Alarm */ = {
			isa = PBXGroup;
			children = (
				F8166A34279F237600E65313 /* AppDelegate.swift */,
				F8166A36279F237600E65313 /* SceneDelegate.swift */,
				F8166A4C279F766B00E65313 /* VC */,
				F8166A3A279F237600E65313 /* Main.storyboard */,
				F8166A3D279F237800E65313 /* Assets.xcassets */,
				F8166A3F279F237800E65313 /* LaunchScreen.storyboard */,
				F8166A42279F237800E65313 /* Info.plist */,
				F8166A48279F2B1200E65313 /* MoonVideo.mp4 */,
			);
			path = "HM10-11.Alarm";
			sourceTree = "<group>";
		};
		F8166A4C279F766B00E65313 /* VC */ = {
			isa = PBXGroup;
			children = (
				F8166A38279F237600E65313 /* ViewController.swift */,
				F8166A4A279F764600E65313 /* SecondVC.swift */,
				F8166A4F27A003A900E65313 /* ThirdVC.swift */,
			);
			path = VC;
			sourceTree = "<group>";
		};
/* End PBXGroup section */

/* Begin PBXNativeTarget section */
		F8166A30279F237600E65313 /* HM10-11.Alarm */ = {
			isa = PBXNativeTarget;
			buildConfigurationList = F8166A45279F237800E65313 /* Build configuration list for PBXNativeTarget "HM10-11.Alarm" */;
			buildPhases = (
				F8166A2D279F237600E65313 /* Sources */,
				F8166A2E279F237600E65313 /* Frameworks */,
				F8166A2F279F237600E65313 /* Resources */,
			);
			buildRules = (
			);
			dependencies = (
			);
			name = "HM10-11.Alarm";
			productName = "HM10-11.Alarm";
			productReference = F8166A31279F237600E65313 /* HM10-11.Alarm.app */;
			productType = "com.apple.product-type.application";
		};
/* End PBXNativeTarget section */

/* Begin PBXProject section */
		F8166A29279F237600E65313 /* Project object */ = {
			isa = PBXProject;
			attributes = {
				BuildIndependentTargetsInParallel = 1;
				LastSwiftUpdateCheck = 1320;
				LastUpgradeCheck = 1320;
				TargetAttributes = {
					F8166A30279F237600E65313 = {
						CreatedOnToolsVersion = 13.2;
					};
				};
			};
			buildConfigurationList = F8166A2C279F237600E65313 /* Build configuration list for PBXProject "HM10-11.Alarm" */;
			compatibilityVersion = "Xcode 13.0";
			developmentRegion = en;
			hasScannedForEncodings = 0;
			knownRegions = (
				en,
				Base,
			);
			mainGroup = F8166A28279F237600E65313;
			productRefGroup = F8166A32279F237600E65313 /* Products */;
			projectDirPath = "";
			projectRoot = "";
			targets = (
				F8166A30279F237600E65313 /* HM10-11.Alarm */,
			);
		};
/* End PBXProject section */

/* Begin PBXResourcesBuildPhase section */
		F8166A2F279F237600E65313 /* Resources */ = {
			isa = PBXResourcesBuildPhase;
			buildActionMask = 2147483647;
			files = (
				F8166A49279F2B1200E65313 /* MoonVideo.mp4 in Resources */,
				F8166A41279F237800E65313 /* LaunchScreen.storyboard in Resources */,
				F8166A3E279F237800E65313 /* Assets.xcassets in Resources */,
				F8166A3C279F237600E65313 /* Main.storyboard in Resources */,
			);
			runOnlyForDeploymentPostprocessing = 0;
		};
/* End PBXResourcesBuildPhase section */

/* Begin PBXSourcesBuildPhase section */
		F8166A2D279F237600E65313 /* Sources */ = {
			isa = PBXSourcesBuildPhase;
			buildActionMask = 2147483647;
			files = (
				F8166A39279F237600E65313 /* ViewController.swift in Sources */,
				F8166A35279F237600E65313 /* AppDelegate.swift in Sources */,
				F8166A4B279F764700E65313 /* SecondVC.swift in Sources */,
				F8166A37279F237600E65313 /* SceneDelegate.swift in Sources */,
				F8166A5027A003A900E65313 /* ThirdVC.swift in Sources */,
			);
			runOnlyForDeploymentPostprocessing = 0;
		};
/* End PBXSourcesBuildPhase section */

/* Begin PBXVariantGroup section */
		F8166A3A279F237600E65313 /* Main.storyboard */ = {
			isa = PBXVariantGroup;
			children = (
				F8166A3B279F237600E65313 /* Base */,
			);
			name = Main.storyboard;
			sourceTree = "<group>";
		};
		F8166A3F279F237800E65313 /* LaunchScreen.storyboard */ = {
			isa = PBXVariantGroup;
			children = (
				F8166A40279F237800E65313 /* Base */,
			);
			name = LaunchScreen.storyboard;
			sourceTree = "<group>";
		};
/* End PBXVariantGroup section */

/* Begin XCBuildConfiguration section */
		F8166A43279F237800E65313 /* Debug */ = {
			isa = XCBuildConfiguration;
			buildSettings = {
				ALWAYS_SEARCH_USER_PATHS = NO;
				CLANG_ANALYZER_NONNULL = YES;
				CLANG_ANALYZER_NUMBER_OBJECT_CONVERSION = YES_AGGRESSIVE;
				CLANG_CXX_LANGUAGE_STANDARD = "gnu++17";
				CLANG_CXX_LIBRARY = "libc++";
				CLANG_ENABLE_MODULES = YES;
				CLANG_ENABLE_OBJC_ARC = YES;
				CLANG_ENABLE_OBJC_WEAK = YES;
				CLANG_WARN_BLOCK_CAPTURE_AUTORELEASING = YES;
				CLANG_WARN_BOOL_CONVERSION = YES;
				CLANG_WARN_COMMA = YES;
				CLANG_WARN_CONSTANT_CONVERSION = YES;
				CLANG_WARN_DEPRECATED_OBJC_IMPLEMENTATIONS = YES;
				CLANG_WARN_DIRECT_OBJC_ISA_USAGE = YES_ERROR;
				CLANG_WARN_DOCUMENTATION_COMMENTS = YES;
				CLANG_WARN_EMPTY_BODY = YES;
				CLANG_WARN_ENUM_CONVERSION = YES;
				CLANG_WARN_INFINITE_RECURSION = YES;
				CLANG_WARN_INT_CONVERSION = YES;
				CLANG_WARN_NON_LITERAL_NULL_CONVERSION = YES;
				CLANG_WARN_OBJC_IMPLICIT_RETAIN_SELF = YES;
				CLANG_WARN_OBJC_LITERAL_CONVERSION = YES;
				CLANG_WARN_OBJC_ROOT_CLASS = YES_ERROR;
				CLANG_WARN_QUOTED_INCLUDE_IN_FRAMEWORK_HEADER = YES;
				CLANG_WARN_RANGE_LOOP_ANALYSIS = YES;
				CLANG_WARN_STRICT_PROTOTYPES = YES;
				CLANG_WARN_SUSPICIOUS_MOVE = YES;
				CLANG_WARN_UNGUARDED_AVAILABILITY = YES_AGGRESSIVE;
				CLANG_WARN_UNREACHABLE_CODE = YES;
				CLANG_WARN__DUPLICATE_METHOD_MATCH = YES;
				COPY_PHASE_STRIP = NO;
				DEBUG_INFORMATION_FORMAT = dwarf;
				ENABLE_STRICT_OBJC_MSGSEND = YES;
				ENABLE_TESTABILITY = YES;
				GCC_C_LANGUAGE_STANDARD = gnu11;
				GCC_DYNAMIC_NO_PIC = NO;
				GCC_NO_COMMON_BLOCKS = YES;
				GCC_OPTIMIZATION_LEVEL = 0;
				GCC_PREPROCESSOR_DEFINITIONS = (
					"DEBUG=1",
					"$(inherited)",
				);
				GCC_WARN_64_TO_32_BIT_CONVERSION = YES;
				GCC_WARN_ABOUT_RETURN_TYPE = YES_ERROR;
				GCC_WARN_UNDECLARED_SELECTOR = YES;
				GCC_WARN_UNINITIALIZED_AUTOS = YES_AGGRESSIVE;
				GCC_WARN_UNUSED_FUNCTION = YES;
				GCC_WARN_UNUSED_VARIABLE = YES;
				IPHONEOS_DEPLOYMENT_TARGET = 15.2;
				MTL_ENABLE_DEBUG_INFO = INCLUDE_SOURCE;
				MTL_FAST_MATH = YES;
				ONLY_ACTIVE_ARCH = YES;
				SDKROOT = iphoneos;
				SWIFT_ACTIVE_COMPILATION_CONDITIONS = DEBUG;
				SWIFT_OPTIMIZATION_LEVEL = "-Onone";
			};
			name = Debug;
		};
		F8166A44279F237800E65313 /* Release */ = {
			isa = XCBuildConfiguration;
			buildSettings = {
				ALWAYS_SEARCH_USER_PATHS = NO;
				CLANG_ANALYZER_NONNULL = YES;
				CLANG_ANALYZER_NUMBER_OBJECT_CONVERSION = YES_AGGRESSIVE;
				CLANG_CXX_LANGUAGE_STANDARD = "gnu++17";
				CLANG_CXX_LIBRARY = "libc++";
				CLANG_ENABLE_MODULES = YES;
				CLANG_ENABLE_OBJC_ARC = YES;
				CLANG_ENABLE_OBJC_WEAK = YES;
				CLANG_WARN_BLOCK_CAPTURE_AUTORELEASING = YES;
				CLANG_WARN_BOOL_CONVERSION = YES;
				CLANG_WARN_COMMA = YES;
				CLANG_WARN_CONSTANT_CONVERSION = YES;
				CLANG_WARN_DEPRECATED_OBJC_IMPLEMENTATIONS = YES;
				CLANG_WARN_DIRECT_OBJC_ISA_USAGE = YES_ERROR;
				CLANG_WARN_DOCUMENTATION_COMMENTS = YES;
				CLANG_WARN_EMPTY_BODY = YES;
				CLANG_WARN_ENUM_CONVERSION = YES;
				CLANG_WARN_INFINITE_RECURSION = YES;
				CLANG_WARN_INT_CONVERSION = YES;
				CLANG_WARN_NON_LITERAL_NULL_CONVERSION = YES;
				CLANG_WARN_OBJC_IMPLICIT_RETAIN_SELF = YES;
				CLANG_WARN_OBJC_LITERAL_CONVERSION = YES;
				CLANG_WARN_OBJC_ROOT_CLASS = YES_ERROR;
				CLANG_WARN_QUOTED_INCLUDE_IN_FRAMEWORK_HEADER = YES;
				CLANG_WARN_RANGE_LOOP_ANALYSIS = YES;
				CLANG_WARN_STRICT_PROTOTYPES = YES;
				CLANG_WARN_SUSPICIOUS_MOVE = YES;
				CLANG_WARN_UNGUARDED_AVAILABILITY = YES_AGGRESSIVE;
				CLANG_WARN_UNREACHABLE_CODE = YES;
				CLANG_WARN__DUPLICATE_METHOD_MATCH = YES;
				COPY_PHASE_STRIP = NO;
				DEBUG_INFORMATION_FORMAT = "dwarf-with-dsym";
				ENABLE_NS_ASSERTIONS = NO;
				ENABLE_STRICT_OBJC_MSGSEND = YES;
				GCC_C_LANGUAGE_STANDARD = gnu11;
				GCC_NO_COMMON_BLOCKS = YES;
				GCC_WARN_64_TO_32_BIT_CONVERSION = YES;
				GCC_WARN_ABOUT_RETURN_TYPE = YES_ERROR;
				GCC_WARN_UNDECLARED_SELECTOR = YES;
				GCC_WARN_UNINITIALIZED_AUTOS = YES_AGGRESSIVE;
				GCC_WARN_UNUSED_FUNCTION = YES;
				GCC_WARN_UNUSED_VARIABLE = YES;
				IPHONEOS_DEPLOYMENT_TARGET = 15.2;
				MTL_ENABLE_DEBUG_INFO = NO;
				MTL_FAST_MATH = YES;
				SDKROOT = iphoneos;
				SWIFT_COMPILATION_MODE = wholemodule;
				SWIFT_OPTIMIZATION_LEVEL = "-O";
				VALIDATE_PRODUCT = YES;
			};
			name = Release;
		};
		F8166A46279F237800E65313 /* Debug */ = {
			isa = XCBuildConfiguration;
			buildSettings = {
				ASSETCATALOG_COMPILER_APPICON_NAME = AppIcon;
				ASSETCATALOG_COMPILER_GLOBAL_ACCENT_COLOR_NAME = AccentColor;
				CODE_SIGN_STYLE = Automatic;
				CURRENT_PROJECT_VERSION = 1;
				DEVELOPMENT_TEAM = 2D298QL4HC;
				GENERATE_INFOPLIST_FILE = YES;
				INFOPLIST_FILE = "HM10-11.Alarm/Info.plist";
				INFOPLIST_KEY_UIApplicationSupportsIndirectInputEvents = YES;
				INFOPLIST_KEY_UILaunchStoryboardName = LaunchScreen;
				INFOPLIST_KEY_UIMainStoryboardFile = Main;
				INFOPLIST_KEY_UIStatusBarHidden = NO;
				INFOPLIST_KEY_UISupportedInterfaceOrientations = UIInterfaceOrientationPortrait;
				INFOPLIST_KEY_UISupportedInterfaceOrientations_iPad = "UIInterfaceOrientationPortrait UIInterfaceOrientationPortraitUpsideDown UIInterfaceOrientationLandscapeLeft UIInterfaceOrientationLandscapeRight";
				INFOPLIST_KEY_UISupportedInterfaceOrientations_iPhone = "UIInterfaceOrientationPortrait UIInterfaceOrientationLandscapeLeft UIInterfaceOrientationLandscapeRight";
				LD_RUNPATH_SEARCH_PATHS = (
					"$(inherited)",
					"@executable_path/Frameworks",
				);
				MARKETING_VERSION = 1.0;
				PRODUCT_BUNDLE_IDENTIFIER = "by.tms.HM10-11-Alarm";
				PRODUCT_NAME = "$(TARGET_NAME)";
				SWIFT_EMIT_LOC_STRINGS = YES;
				SWIFT_VERSION = 5.0;
				TARGETED_DEVICE_FAMILY = 1;
			};
			name = Debug;
		};
		F8166A47279F237800E65313 /* Release */ = {
			isa = XCBuildConfiguration;
			buildSettings = {
				ASSETCATALOG_COMPILER_APPICON_NAME = AppIcon;
				ASSETCATALOG_COMPILER_GLOBAL_ACCENT_COLOR_NAME = AccentColor;
				CODE_SIGN_STYLE = Automatic;
				CURRENT_PROJECT_VERSION = 1;
				DEVELOPMENT_TEAM = 2D298QL4HC;
				GENERATE_INFOPLIST_FILE = YES;
				INFOPLIST_FILE = "HM10-11.Alarm/Info.plist";
				INFOPLIST_KEY_UIApplicationSupportsIndirectInputEvents = YES;
				INFOPLIST_KEY_UILaunchStoryboardName = LaunchScreen;
				INFOPLIST_KEY_UIMainStoryboardFile = Main;
				INFOPLIST_KEY_UIStatusBarHidden = NO;
				INFOPLIST_KEY_UISupportedInterfaceOrientations = UIInterfaceOrientationPortrait;
				INFOPLIST_KEY_UISupportedInterfaceOrientations_iPad = "UIInterfaceOrientationPortrait UIInterfaceOrientationPortraitUpsideDown UIInterfaceOrientationLandscapeLeft UIInterfaceOrientationLandscapeRight";
				INFOPLIST_KEY_UISupportedInterfaceOrientations_iPhone = "UIInterfaceOrientationPortrait UIInterfaceOrientationLandscapeLeft UIInterfaceOrientationLandscapeRight";
				LD_RUNPATH_SEARCH_PATHS = (
					"$(inherited)",
					"@executable_path/Frameworks",
				);
				MARKETING_VERSION = 1.0;
				PRODUCT_BUNDLE_IDENTIFIER = "by.tms.HM10-11-Alarm";
				PRODUCT_NAME = "$(TARGET_NAME)";
				SWIFT_EMIT_LOC_STRINGS = YES;
				SWIFT_VERSION = 5.0;
				TARGETED_DEVICE_FAMILY = 1;
			};
			name = Release;
		};
/* End XCBuildConfiguration section */

/* Begin XCConfigurationList section */
		F8166A2C279F237600E65313 /* Build configuration list for PBXProject "HM10-11.Alarm" */ = {
			isa = XCConfigurationList;
			buildConfigurations = (
				F8166A43279F237800E65313 /* Debug */,
				F8166A44279F237800E65313 /* Release */,
			);
			defaultConfigurationIsVisible = 0;
			defaultConfigurationName = Release;
		};
		F8166A45279F237800E65313 /* Build configuration list for PBXNativeTarget "HM10-11.Alarm" */ = {
			isa = XCConfigurationList;
			buildConfigurations = (
				F8166A46279F237800E65313 /* Debug */,
				F8166A47279F237800E65313 /* Release */,
			);
			defaultConfigurationIsVisible = 0;
			defaultConfigurationName = Release;
		};
/* End XCConfigurationList section */
	};
	rootObject = F8166A29279F237600E65313 /* Project object */;
}
